// !$*UTF8*$!
{
	archiveVersion = 1;
	classes = {
	};
	objectVersion = 46;
	objects = {

/* Begin PBXBuildFile section */
		DE6CD11FB92A8CA4E115B951 /* AppDelegate.swift in Sources */ = {isa = PBXBuildFile; fileRef = DE6CD37A0E8CCFFF8E04E42F /* AppDelegate.swift */; };
		DE6CD565EFE4391D0A10E51B /* LaunchScreen.storyboard in Resources */ = {isa = PBXBuildFile; fileRef = DE6CD992C48248B1F9CDDDD4 /* LaunchScreen.storyboard */; };
		DE6CD68715DCC3C46FDDF19C /* Assets.xcassets in Resources */ = {isa = PBXBuildFile; fileRef = DE6CD05BC2DD151F2F442A02 /* Assets.xcassets */; };
		DE6CDB7BD91D1D04BE0C3AE8 /* SceneDelegate.swift in Sources */ = {isa = PBXBuildFile; fileRef = DE6CD94D7A11D7F1A14B31FF /* SceneDelegate.swift */; };
		DE6CDBA23D7BDA974CA1B3B5 /* Main.storyboard in Resources */ = {isa = PBXBuildFile; fileRef = DE6CD7D7F014F812233E4765 /* Main.storyboard */; };
		DE6CDBBDAECE8FE26C527F72 /* ViewController.swift in Sources */ = {isa = PBXBuildFile; fileRef = DE6CD4F75A9BAEF643258744 /* ViewController.swift */; };
/* End PBXBuildFile section */

/* Begin PBXFileReference section */
		DE6CD05BC2DD151F2F442A02 /* Assets.xcassets */ = {isa = PBXFileReference; lastKnownFileType = folder.assetcatalog; path = Assets.xcassets; sourceTree = "<group>"; };
		DE6CD37A0E8CCFFF8E04E42F /* AppDelegate.swift */ = {isa = PBXFileReference; lastKnownFileType = sourcecode.swift; path = AppDelegate.swift; sourceTree = "<group>"; };
		DE6CD4F75A9BAEF643258744 /* ViewController.swift */ = {isa = PBXFileReference; lastKnownFileType = sourcecode.swift; path = ViewController.swift; sourceTree = "<group>"; };
		DE6CD573333FCCB2DC59C3C6 /* Base */ = {isa = PBXFileReference; lastKnownFileType = file.storyboard; name = Base; path = Base.lproj/Main.storyboard; sourceTree = "<group>"; };
		DE6CD94D7A11D7F1A14B31FF /* SceneDelegate.swift */ = {isa = PBXFileReference; lastKnownFileType = sourcecode.swift; path = SceneDelegate.swift; sourceTree = "<group>"; };
		DE6CDE23D8F8631654DD7020 /* BMIcalc.app */ = {isa = PBXFileReference; explicitFileType = wrapper.application; includeInIndex = 0; path = BMIcalc.app; sourceTree = BUILT_PRODUCTS_DIR; };
		DE6CDF4543C64AC1159724D0 /* Base */ = {isa = PBXFileReference; lastKnownFileType = file.storyboard; name = Base; path = Base.lproj/LaunchScreen.storyboard; sourceTree = "<group>"; };
		DE6CDFCB5FD622F1BA62152F /* Info.plist */ = {isa = PBXFileReference; lastKnownFileType = text.plist.info; path = Info.plist; sourceTree = "<group>"; };
/* End PBXFileReference section */

/* Begin PBXFrameworksBuildPhase section */
		DE6CD5D7DFCAD3E741D0535B /* Frameworks */ = {
			isa = PBXFrameworksBuildPhase;
			buildActionMask = 2147483647;
			files = (
			);
			runOnlyForDeploymentPostprocessing = 0;
		};
/* End PBXFrameworksBuildPhase section */

/* Begin PBXGroup section */
		DE6CD116F516E2742C7A60A4 /* Products */ = {
			isa = PBXGroup;
			children = (
				DE6CDE23D8F8631654DD7020 /* BMIcalc.app */,
			);
			name = Products;
			sourceTree = "<group>";
		};
		DE6CD70487B945532C6A08C2 = {
			isa = PBXGroup;
			children = (
				DE6CD116F516E2742C7A60A4 /* Products */,
				DE6CD7DC13B879A12E437C37 /* BMIcalc */,
			);
			sourceTree = "<group>";
		};
		DE6CD7DC13B879A12E437C37 /* BMIcalc */ = {
			isa = PBXGroup;
			children = (
				DE6CDFCB5FD622F1BA62152F /* Info.plist */,
				DE6CD05BC2DD151F2F442A02 /* Assets.xcassets */,
				DE6CD992C48248B1F9CDDDD4 /* LaunchScreen.storyboard */,
				DE6CD37A0E8CCFFF8E04E42F /* AppDelegate.swift */,
				DE6CD94D7A11D7F1A14B31FF /* SceneDelegate.swift */,
				DE6CD4F75A9BAEF643258744 /* ViewController.swift */,
				DE6CD7D7F014F812233E4765 /* Main.storyboard */,
			);
			path = BMIcalc;
			sourceTree = "<group>";
		};
/* End PBXGroup section */

/* Begin PBXNativeTarget section */
		DE6CD16FB9869A3E8473200E /* BMIcalc */ = {
			isa = PBXNativeTarget;
			buildConfigurationList = DE6CD2982A7B88FB2657A636 /* Build configuration list for PBXNativeTarget "BMIcalc" */;
			buildPhases = (
				DE6CD829BC7683ED2E45F652 /* Sources */,
				DE6CD5D7DFCAD3E741D0535B /* Frameworks */,
				DE6CDBFBA693CA74DA9B2AA4 /* Resources */,
			);
			buildRules = (
			);
			dependencies = (
			);
			name = BMIcalc;
			productName = BMIcalc;
			productReference = DE6CDE23D8F8631654DD7020 /* BMIcalc.app */;
			productType = "com.apple.product-type.application";
		};
/* End PBXNativeTarget section */

/* Begin PBXProject section */
		DE6CD9114ED36F60F0E203E7 /* Project object */ = {
			isa = PBXProject;
			attributes = {
				ORGANIZATIONNAME = yukiboard;
			};
			buildConfigurationList = DE6CDB5B4587EEE018804A84 /* Build configuration list for PBXProject "BMIcalc" */;
			compatibilityVersion = "Xcode 3.2";
			developmentRegion = English;
			hasScannedForEncodings = 0;
			knownRegions = (
				English,
				en,
				Base,
			);
			mainGroup = DE6CD70487B945532C6A08C2;
			productRefGroup = DE6CD116F516E2742C7A60A4 /* Products */;
			projectDirPath = "";
			projectRoot = "";
			targets = (
				DE6CD16FB9869A3E8473200E /* BMIcalc */,
			);
		};
/* End PBXProject section */

/* Begin PBXResourcesBuildPhase section */
		DE6CDBFBA693CA74DA9B2AA4 /* Resources */ = {
			isa = PBXResourcesBuildPhase;
			buildActionMask = 2147483647;
			files = (
				DE6CD68715DCC3C46FDDF19C /* Assets.xcassets in Resources */,
				DE6CD565EFE4391D0A10E51B /* LaunchScreen.storyboard in Resources */,
				DE6CDBA23D7BDA974CA1B3B5 /* Main.storyboard in Resources */,
			);
			runOnlyForDeploymentPostprocessing = 0;
		};
/* End PBXResourcesBuildPhase section */

/* Begin PBXSourcesBuildPhase section */
		DE6CD829BC7683ED2E45F652 /* Sources */ = {
			isa = PBXSourcesBuildPhase;
			buildActionMask = 2147483647;
			files = (
				DE6CD11FB92A8CA4E115B951 /* AppDelegate.swift in Sources */,
				DE6CDB7BD91D1D04BE0C3AE8 /* SceneDelegate.swift in Sources */,
				DE6CDBBDAECE8FE26C527F72 /* ViewController.swift in Sources */,
			);
			runOnlyForDeploymentPostprocessing = 0;
		};
/* End PBXSourcesBuildPhase section */

/* Begin PBXVariantGroup section */
		DE6CD7D7F014F812233E4765 /* Main.storyboard */ = {
			isa = PBXVariantGroup;
			children = (
				DE6CD573333FCCB2DC59C3C6 /* Base */,
			);
			name = Main.storyboard;
			sourceTree = "<group>";
		};
		DE6CD992C48248B1F9CDDDD4 /* LaunchScreen.storyboard */ = {
			isa = PBXVariantGroup;
			children = (
				DE6CDF4543C64AC1159724D0 /* Base */,
			);
			name = LaunchScreen.storyboard;
			sourceTree = "<group>";
		};
/* End PBXVariantGroup section */

/* Begin XCBuildConfiguration section */
		DE6CD4044C8CF5D076BE9771 /* Release */ = {
			isa = XCBuildConfiguration;
			buildSettings = {
				ASSETCATALOG_COMPILER_APPICON_NAME = AppIcon;
				INFOPLIST_FILE = BMIcalc/Info.plist;
				LD_RUNPATH_SEARCH_PATHS = "$(inherited) @executable_path/Frameworks";
				PRODUCT_BUNDLE_IDENTIFIER = yukiboard.BMIcalc;
				PRODUCT_NAME = "$(TARGET_NAME)";
				SWIFT_VERSION = 5.0;
				TARGETED_DEVICE_FAMILY = "1,2";
			};
			name = Release;
		};
		DE6CD4C21EF4606AECFCADFD /* Release */ = {
			isa = XCBuildConfiguration;
			buildSettings = {
				ALWAYS_SEARCH_USER_PATHS = NO;
				CLANG_ANALYZER_NONNULL = YES;
				CLANG_ANALYZER_NUMBER_OBJECT_CONVERSION = YES_AGGRESSIVE;
				CLANG_CXX_LANGUAGE_STANDARD = "gnu++14";
				CLANG_CXX_LIBRARY = "libc++";
				CLANG_ENABLE_MODULES = YES;
				CLANG_ENABLE_OBJC_ARC = YES;
				CLANG_ENABLE_OBJC_WEAK = YES;
				CLANG_WARN_BLOCK_CAPTURE_AUTORELEASING = YES;
				CLANG_WARN_BOOL_CONVERSION = YES;
				CLANG_WARN_COMMA = YES;
				CLANG_WARN_CONSTANT_CONVERSION = YES;
				CLANG_WARN_DEPRECATED_OBJC_IMPLEMENTATIONS = YES;
				CLANG_WARN_DIRECT_OBJC_ISA_USAGE = YES_ERROR;
				CLANG_WARN_DOCUMENTATION_COMMENTS = YES;
				CLANG_WARN_EMPTY_BODY = YES;
				CLANG_WARN_ENUM_CONVERSION = YES;
				CLANG_WARN_INFINITE_RECURSION = YES;
				CLANG_WARN_INT_CONVERSION = YES;
				CLANG_WARN_NON_LITERAL_NULL_CONVERSION = YES;
				CLANG_WARN_OBJC_IMPLICIT_RETAIN_SELF = YES;
				CLANG_WARN_OBJC_LITERAL_CONVERSION = YES;
				CLANG_WARN_OBJC_ROOT_CLASS = YES_ERROR;
				CLANG_WARN_RANGE_LOOP_ANALYSIS = YES;
				CLANG_WARN_STRICT_PROTOTYPES = YES;
				CLANG_WARN_SUSPICIOUS_MOVE = YES;
				CLANG_WARN_UNGUARDED_AVAILABILITY = YES_AGGRESSIVE;
				CLANG_WARN_UNREACHABLE_CODE = YES;
				CLANG_WARN__DUPLICATE_METHOD_MATCH = YES;
				COPY_PHASE_STRIP = NO;
				DEBUG_INFORMATION_FORMAT = "dwarf-with-dsym";
				ENABLE_NS_ASSERTIONS = NO;
				ENABLE_STRICT_OBJC_MSGSEND = YES;
				GCC_C_LANGUAGE_STANDARD = gnu11;
				GCC_NO_COMMON_BLOCKS = YES;
				GCC_WARN_64_TO_32_BIT_CONVERSION = YES;
				GCC_WARN_ABOUT_RETURN_TYPE = YES_ERROR;
				GCC_WARN_UNDECLARED_SELECTOR = YES;
				GCC_WARN_UNINITIALIZED_AUTOS = YES_AGGRESSIVE;
				GCC_WARN_UNUSED_FUNCTION = YES;
				GCC_WARN_UNUSED_VARIABLE = YES;
				IPHONEOS_DEPLOYMENT_TARGET = 13.2;
				MTL_ENABLE_DEBUG_INFO = NO;
				MTL_FAST_MATH = YES;
				SDKROOT = iphoneos;
				SWIFT_OPTIMIZATION_LEVEL = "-Owholemodule";
				VALIDATE_PRODUCT = YES;
			};
			name = Release;
		};
		DE6CD8EF33ED0B16A7BE107F /* Debug */ = {
			isa = XCBuildConfiguration;
			buildSettings = {
				ALWAYS_SEARCH_USER_PATHS = NO;
				CLANG_ANALYZER_NONNULL = YES;
				CLANG_ANALYZER_NUMBER_OBJECT_CONVERSION = YES_AGGRESSIVE;
				CLANG_CXX_LANGUAGE_STANDARD = "gnu++14";
				CLANG_CXX_LIBRARY = "libc++";
				CLANG_ENABLE_MODULES = YES;
				CLANG_ENABLE_OBJC_ARC = YES;
				CLANG_ENABLE_OBJC_WEAK = YES;
				CLANG_WARN_BLOCK_CAPTURE_AUTORELEASING = YES;
				CLANG_WARN_BOOL_CONVERSION = YES;
				CLANG_WARN_COMMA = YES;
				CLANG_WARN_CONSTANT_CONVERSION = YES;
				CLANG_WARN_DEPRECATED_OBJC_IMPLEMENTATIONS = YES;
				CLANG_WARN_DIRECT_OBJC_ISA_USAGE = YES_ERROR;
				CLANG_WARN_DOCUMENTATION_COMMENTS = YES;
				CLANG_WARN_EMPTY_BODY = YES;
				CLANG_WARN_ENUM_CONVERSION = YES;
				CLANG_WARN_INFINITE_RECURSION = YES;
				CLANG_WARN_INT_CONVERSION = YES;
				CLANG_WARN_NON_LITERAL_NULL_CONVERSION = YES;
				CLANG_WARN_OBJC_IMPLICIT_RETAIN_SELF = YES;
				CLANG_WARN_OBJC_LITERAL_CONVERSION = YES;
				CLANG_WARN_OBJC_ROOT_CLASS = YES_ERROR;
				CLANG_WARN_RANGE_LOOP_ANALYSIS = YES;
				CLANG_WARN_STRICT_PROTOTYPES = YES;
				CLANG_WARN_SUSPICIOUS_MOVE = YES;
				CLANG_WARN_UNGUARDED_AVAILABILITY = YES_AGGRESSIVE;
				CLANG_WARN_UNREACHABLE_CODE = YES;
				CLANG_WARN__DUPLICATE_METHOD_MATCH = YES;
				COPY_PHASE_STRIP = NO;
				DEBUG_INFORMATION_FORMAT = dwarf;
				ENABLE_STRICT_OBJC_MSGSEND = YES;
				ENABLE_TESTABILITY = YES;
				GCC_C_LANGUAGE_STANDARD = gnu11;
				GCC_DYNAMIC_NO_PIC = NO;
				GCC_NO_COMMON_BLOCKS = YES;
				GCC_OPTIMIZATION_LEVEL = 0;
				GCC_PREPROCESSOR_DEFINITIONS = (
					"DEBUG=1",
					"$(inherited)",
				);
				GCC_WARN_64_TO_32_BIT_CONVERSION = YES;
				GCC_WARN_ABOUT_RETURN_TYPE = YES_ERROR;
				GCC_WARN_UNDECLARED_SELECTOR = YES;
				GCC_WARN_UNINITIALIZED_AUTOS = YES_AGGRESSIVE;
				GCC_WARN_UNUSED_FUNCTION = YES;
				GCC_WARN_UNUSED_VARIABLE = YES;
				IPHONEOS_DEPLOYMENT_TARGET = 13.2;
				MTL_ENABLE_DEBUG_INFO = INCLUDE_SOURCE;
				MTL_FAST_MATH = YES;
				ONLY_ACTIVE_ARCH = YES;
				SDKROOT = iphoneos;
				SWIFT_ACTIVE_COMPILATION_CONDITIONS = DEBUG;
				SWIFT_OPTIMIZATION_LEVEL = "-Onone";
			};
			name = Debug;
		};
		DE6CDD3C233B7A0E415B499F /* Debug */ = {
			isa = XCBuildConfiguration;
			buildSettings = {
				ASSETCATALOG_COMPILER_APPICON_NAME = AppIcon;
				INFOPLIST_FILE = BMIcalc/Info.plist;
				LD_RUNPATH_SEARCH_PATHS = "$(inherited) @executable_path/Frameworks";
				PRODUCT_BUNDLE_IDENTIFIER = yukiboard.BMIcalc;
				PRODUCT_NAME = "$(TARGET_NAME)";
				SWIFT_VERSION = 5.0;
				TARGETED_DEVICE_FAMILY = "1,2";
			};
			name = Debug;
		};
/* End XCBuildConfiguration section */

/* Begin XCConfigurationList section */
		DE6CD2982A7B88FB2657A636 /* Build configuration list for PBXNativeTarget "BMIcalc" */ = {
			isa = XCConfigurationList;
			buildConfigurations = (
				DE6CDD3C233B7A0E415B499F /* Debug */,
				DE6CD4044C8CF5D076BE9771 /* Release */,
			);
			defaultConfigurationIsVisible = 0;
			defaultConfigurationName = Release;
		};
		DE6CDB5B4587EEE018804A84 /* Build configuration list for PBXProject "BMIcalc" */ = {
			isa = XCConfigurationList;
			buildConfigurations = (
				DE6CD8EF33ED0B16A7BE107F /* Debug */,
				DE6CD4C21EF4606AECFCADFD /* Release */,
			);
			defaultConfigurationIsVisible = 0;
			defaultConfigurationName = Release;
		};
/* End XCConfigurationList section */
	};
	rootObject = DE6CD9114ED36F60F0E203E7 /* Project object */;
}
